<?xml version="1.0" encoding="utf-8"?>
<Project ToolsVersion="4.0" xmlns="http://schemas.microsoft.com/developer/msbuild/2003">
  <ItemGroup>
    <Filter Include="Generated Files">
      <UniqueIdentifier>{31b8f488-6bfd-4c63-943a-b927e8e5a9c5}</UniqueIdentifier>
    </Filter>
    <Filter Include="Source Files">
      <UniqueIdentifier>{011268f0-f6d9-435f-a259-d309bb883cb0}</UniqueIdentifier>
      <Extensions>cpp;c;edl;def;</Extensions>
    </Filter>
    <Filter Include="Header Files">
      <UniqueIdentifier>{403df84c-39a6-4e08-974e-57c5eac79cd0}</UniqueIdentifier>
      <Extensions>h;hpp;</Extensions>
    </Filter>
    <Filter Include="Resource Files">
      <UniqueIdentifier>{d2ba075f-c669-4d5b-97a0-56216b7c592b}</UniqueIdentifier>
      <Extensions>rc;xml;pem;</Extensions>
    </Filter>
    <Filter Include="Header Files\util">
      <UniqueIdentifier>{63dbe680-48a7-4900-949a-28fbf3993e42}</UniqueIdentifier>
    </Filter>
    <Filter Include="Source Files\util">
      <UniqueIdentifier>{d0802151-1831-4aff-9f5d-d0ae796d16d8}</UniqueIdentifier>
    </Filter>
  </ItemGroup>
  <ItemGroup>
    <ClCompile Include="SealEnclaveTest_t.c">
      <Filter>Generated Files</Filter>
    </ClCompile>
    <ClCompile Include="SealEnclaveTest.cpp">
      <Filter>Source Files</Filter>
    </ClCompile>
    <ClCompile Include="..\SEAL\bigpoly.cpp">
      <Filter>Source Files</Filter>
    </ClCompile>
    <ClCompile Include="..\SEAL\bigpolyarith.cpp">
      <Filter>Source Files</Filter>
    </ClCompile>
    <ClCompile Include="..\SEAL\bigpolyarray.cpp">
      <Filter>Source Files</Filter>
    </ClCompile>
    <ClCompile Include="..\SEAL\biguint.cpp">
      <Filter>Source Files</Filter>
    </ClCompile>
    <ClCompile Include="..\SEAL\chooser.cpp">
      <Filter>Source Files</Filter>
    </ClCompile>
    <ClCompile Include="..\SEAL\decryptor.cpp">
      <Filter>Source Files</Filter>
    </ClCompile>
    <ClCompile Include="..\SEAL\encoder.cpp">
      <Filter>Source Files</Filter>
    </ClCompile>
    <ClCompile Include="..\SEAL\encryptionparams.cpp">
      <Filter>Source Files</Filter>
    </ClCompile>
    <ClCompile Include="..\SEAL\encryptor.cpp">
      <Filter>Source Files</Filter>
    </ClCompile>
    <ClCompile Include="..\SEAL\evaluationkeys.cpp">
      <Filter>Source Files</Filter>
    </ClCompile>
    <ClCompile Include="..\SEAL\evaluator.cpp">
      <Filter>Source Files</Filter>
    </ClCompile>
    <ClCompile Include="..\SEAL\keygenerator.cpp">
      <Filter>Source Files</Filter>
    </ClCompile>
    <ClCompile Include="..\SEAL\polycrt.cpp">
      <Filter>Source Files</Filter>
    </ClCompile>
    <ClCompile Include="..\SEAL\randomgen.cpp">
      <Filter>Source Files</Filter>
    </ClCompile>
    <ClCompile Include="..\SEAL\simulator.cpp">
      <Filter>Source Files</Filter>
    </ClCompile>
    <ClCompile Include="..\SEAL\utilities.cpp">
      <Filter>Source Files</Filter>
    </ClCompile>
    <ClCompile Include="..\SEAL\util\clipnormal.cpp">
      <Filter>Source Files\util</Filter>
    </ClCompile>
    <ClCompile Include="..\SEAL\util\common.cpp">
      <Filter>Source Files\util</Filter>
    </ClCompile>
    <ClCompile Include="..\SEAL\util\computation.cpp">
      <Filter>Source Files\util</Filter>
    </ClCompile>
    <ClCompile Include="..\SEAL\util\crt.cpp">
      <Filter>Source Files\util</Filter>
    </ClCompile>
    <ClCompile Include="..\SEAL\util\locks.cpp">
      <Filter>Source Files\util</Filter>
    </ClCompile>
    <ClCompile Include="..\SEAL\util\mempool.cpp">
      <Filter>Source Files\util</Filter>
    </ClCompile>
    <ClCompile Include="..\SEAL\util\modulus.cpp">
      <Filter>Source Files\util</Filter>
    </ClCompile>
    <ClCompile Include="..\SEAL\util\ntt.cpp">
      <Filter>Source Files\util</Filter>
    </ClCompile>
    <ClCompile Include="..\SEAL\util\polyarith.cpp">
      <Filter>Source Files\util</Filter>
    </ClCompile>
    <ClCompile Include="..\SEAL\util\polyarithmod.cpp">
      <Filter>Source Files\util</Filter>
    </ClCompile>
    <ClCompile Include="..\SEAL\util\polycore.cpp">
      <Filter>Source Files\util</Filter>
    </ClCompile>
    <ClCompile Include="..\SEAL\util\polyextras.cpp">
      <Filter>Source Files\util</Filter>
    </ClCompile>
    <ClCompile Include="..\SEAL\util\polyfftmult.cpp">
      <Filter>Source Files\util</Filter>
    </ClCompile>
    <ClCompile Include="..\SEAL\util\polyfftmultmod.cpp">
      <Filter>Source Files\util</Filter>
    </ClCompile>
    <ClCompile Include="..\SEAL\util\polymodulus.cpp">
      <Filter>Source Files\util</Filter>
    </ClCompile>
    <ClCompile Include="..\SEAL\util\uintarith.cpp">
      <Filter>Source Files\util</Filter>
    </ClCompile>
    <ClCompile Include="..\SEAL\util\uintarithmod.cpp">
      <Filter>Source Files\util</Filter>
    </ClCompile>
    <ClCompile Include="..\SEAL\util\uintcore.cpp">
      <Filter>Source Files\util</Filter>
    </ClCompile>
    <ClCompile Include="..\SEAL\util\uintextras.cpp">
      <Filter>Source Files\util</Filter>
    </ClCompile>
  </ItemGroup>
  <ItemGroup>
    <ClInclude Include="SealEnclaveTest_t.h">
      <Filter>Generated Files</Filter>
    </ClInclude>
    <ClInclude Include="..\SEAL\bigpoly.h">
      <Filter>Header Files</Filter>
    </ClInclude>
    <ClInclude Include="..\SEAL\bigpolyarith.h">
      <Filter>Header Files</Filter>
    </ClInclude>
    <ClInclude Include="..\SEAL\bigpolyarray.h">
      <Filter>Header Files</Filter>
    </ClInclude>
    <ClInclude Include="..\SEAL\biguint.h">
      <Filter>Header Files</Filter>
    </ClInclude>
    <ClInclude Include="..\SEAL\chooser.h">
      <Filter>Header Files</Filter>
    </ClInclude>
    <ClInclude Include="..\SEAL\decryptor.h">
      <Filter>Header Files</Filter>
    </ClInclude>
    <ClInclude Include="..\SEAL\encoder.h">
      <Filter>Header Files</Filter>
    </ClInclude>
    <ClInclude Include="..\SEAL\encryptionparams.h">
      <Filter>Header Files</Filter>
    </ClInclude>
    <ClInclude Include="..\SEAL\encryptor.h">
      <Filter>Header Files</Filter>
    </ClInclude>
    <ClInclude Include="..\SEAL\evaluationkeys.h">
      <Filter>Header Files</Filter>
    </ClInclude>
    <ClInclude Include="..\SEAL\evaluator.h">
      <Filter>Header Files</Filter>
    </ClInclude>
    <ClInclude Include="..\SEAL\keygenerator.h">
      <Filter>Header Files</Filter>
    </ClInclude>
    <ClInclude Include="..\SEAL\polycrt.h">
      <Filter>Header Files</Filter>
    </ClInclude>
    <ClInclude Include="..\SEAL\randomgen.h">
      <Filter>Header Files</Filter>
    </ClInclude>
    <ClInclude Include="..\SEAL\seal.h">
      <Filter>Header Files</Filter>
    </ClInclude>
    <ClInclude Include="..\SEAL\simulator.h">
      <Filter>Header Files</Filter>
    </ClInclude>
    <ClInclude Include="..\SEAL\utilities.h">
      <Filter>Header Files</Filter>
    </ClInclude>
    <ClInclude Include="..\SEAL\util\clipnormal.h">
      <Filter>Header Files\util</Filter>
    </ClInclude>
    <ClInclude Include="..\SEAL\util\common.h">
      <Filter>Header Files\util</Filter>
    </ClInclude>
    <ClInclude Include="..\SEAL\util\computation.h">
      <Filter>Header Files\util</Filter>
    </ClInclude>
    <ClInclude Include="..\SEAL\util\crt.h">
      <Filter>Header Files\util</Filter>
    </ClInclude>
    <ClInclude Include="..\SEAL\util\defines.h">
      <Filter>Header Files\util</Filter>
    </ClInclude>
    <ClInclude Include="..\SEAL\util\locks.h">
      <Filter>Header Files\util</Filter>
    </ClInclude>
    <ClInclude Include="..\SEAL\util\mempool.h">
      <Filter>Header Files\util</Filter>
    </ClInclude>
    <ClInclude Include="..\SEAL\util\modulus.h">
      <Filter>Header Files\util</Filter>
    </ClInclude>
    <ClInclude Include="..\SEAL\util\ntt.h">
      <Filter>Header Files\util</Filter>
    </ClInclude>
    <ClInclude Include="..\SEAL\util\polyarith.h">
      <Filter>Header Files\util</Filter>
    </ClInclude>
    <ClInclude Include="..\SEAL\util\polyarithmod.h">
      <Filter>Header Files\util</Filter>
    </ClInclude>
    <ClInclude Include="..\SEAL\util\polycore.h">
      <Filter>Header Files\util</Filter>
    </ClInclude>
    <ClInclude Include="..\SEAL\util\polyextras.h">
      <Filter>Header Files\util</Filter>
    </ClInclude>
    <ClInclude Include="..\SEAL\util\polyfftmult.h">
      <Filter>Header Files\util</Filter>
    </ClInclude>
    <ClInclude Include="..\SEAL\util\polyfftmultmod.h">
      <Filter>Header Files\util</Filter>
    </ClInclude>
    <ClInclude Include="..\SEAL\util\polymodulus.h">
      <Filter>Header Files\util</Filter>
    </ClInclude>
    <ClInclude Include="..\SEAL\util\randomtostd.h">
      <Filter>Header Files\util</Filter>
    </ClInclude>
    <ClInclude Include="..\SEAL\util\uintarith.h">
      <Filter>Header Files\util</Filter>
    </ClInclude>
    <ClInclude Include="..\SEAL\util\uintarithmod.h">
      <Filter>Header Files\util</Filter>
    </ClInclude>
    <ClInclude Include="..\SEAL\util\uintcore.h">
      <Filter>Header Files\util</Filter>
    </ClInclude>
    <ClInclude Include="..\SEAL\util\uintextras.h">
      <Filter>Header Files\util</Filter>
    </ClInclude>
  </ItemGroup>
  <ItemGroup>
    <None Include="SealEnclaveTest_private.pem">
      <Filter>Resource Files</Filter>
    </None>
  </ItemGroup>
  <ItemGroup>
    <Xml Include="SealEnclaveTest.config.xml">
      <Filter>Resource Files</Filter>
    </Xml>
  </ItemGroup>
  <ItemGroup>
    <Text Include="ReadMe.txt" />
  </ItemGroup>
  <ItemGroup>
    <CustomBuild Include="SealEnclaveTest.edl">
      <Filter>Source Files</Filter>
    </CustomBuild>
  </ItemGroup>
</Project>